
Microsoft Visual Studio Solution File, Format Version 12.00
# Visual Studio Version 17
VisualStudioVersion = 17.5.33627.172
MinimumVisualStudioVersion = 10.0.40219.1
Project("{9A19103F-16F7-4668-BE54-9A1E7A4F7556}") = "WebServer", "WebServer.csproj", "{1A02C455-81DC-4E5B-A874-565760F8F282}"
EndProject
Global
	GlobalSection(SolutionConfigurationPlatforms) = preSolution
		Debug|Any CPU = Debug|Any CPU
		Release|Any CPU = Release|Any CPU
	EndGlobalSection
	GlobalSection(ProjectConfigurationPlatforms) = postSolution
		{1A02C455-81DC-4E5B-A874-565760F8F282}.Debug|Any CPU.ActiveCfg = Debug|Any CPU
		{1A02C455-81DC-4E5B-A874-565760F8F282}.Debug|Any CPU.Build.0 = Debug|Any CPU
		{1A02C455-81DC-4E5B-A874-565760F8F282}.Release|Any CPU.ActiveCfg = Release|Any CPU
		{1A02C455-81DC-4E5B-A874-565760F8F282}.Release|Any CPU.Build.0 = Release|Any CPU
	EndGlobalSection
	GlobalSection(SolutionProperties) = preSolution
		HideSolutionNode = FALSE
	EndGlobalSection
	GlobalSection(ExtensibilityGlobals) = postSolution
		SolutionGuid = {1EC62C2A-EF13-48D0-BD1C-11C03D96A800}
	EndGlobalSection
EndGlobal
